// !$*UTF8*$!
{
	archiveVersion = 1;
	classes = {
	};
	objectVersion = 56;
	objects = {

/* Begin PBXBuildFile section */
		3F046DCC293AF04F0081BDC5 /* FiskerNavigationPOCApp.swift in Sources */ = {isa = PBXBuildFile; fileRef = 3F046DCB293AF04F0081BDC5 /* FiskerNavigationPOCApp.swift */; };
		3F046DCE293AF04F0081BDC5 /* HomeView.swift in Sources */ = {isa = PBXBuildFile; fileRef = 3F046DCD293AF04F0081BDC5 /* HomeView.swift */; };
		3F046DD0293AF0500081BDC5 /* Assets.xcassets in Resources */ = {isa = PBXBuildFile; fileRef = 3F046DCF293AF0500081BDC5 /* Assets.xcassets */; };
		3F046DD3293AF0500081BDC5 /* Preview Assets.xcassets in Resources */ = {isa = PBXBuildFile; fileRef = 3F046DD2293AF0500081BDC5 /* Preview Assets.xcassets */; };
		3F046DDC293B085C0081BDC5 /* ConnectedCarView.swift in Sources */ = {isa = PBXBuildFile; fileRef = 3F046DDB293B085C0081BDC5 /* ConnectedCarView.swift */; };
		3F046DDE293B08990081BDC5 /* MenuView.swift in Sources */ = {isa = PBXBuildFile; fileRef = 3F046DDD293B08990081BDC5 /* MenuView.swift */; };
		3F08DA6529496B440035043B /* MenuContentView.swift in Sources */ = {isa = PBXBuildFile; fileRef = 3F08DA6429496B440035043B /* MenuContentView.swift */; };
		3F08DA68294A3B010035043B /* MyFisker.swift in Sources */ = {isa = PBXBuildFile; fileRef = 3F08DA67294A3B010035043B /* MyFisker.swift */; };
		3F08DA6A294A3C720035043B /* AccountView.swift in Sources */ = {isa = PBXBuildFile; fileRef = 3F08DA69294A3C720035043B /* AccountView.swift */; };
		3F8D47A7294845C3004A6A2B /* CarDetailsView.swift in Sources */ = {isa = PBXBuildFile; fileRef = 3F8D47A6294845C3004A6A2B /* CarDetailsView.swift */; };
		3F8D47AB294857D2004A6A2B /* NavigationModifier.swift in Sources */ = {isa = PBXBuildFile; fileRef = 3F8D47A9294857D2004A6A2B /* NavigationModifier.swift */; };
		3F8D47AC294857D2004A6A2B /* NavigationToolbar.swift in Sources */ = {isa = PBXBuildFile; fileRef = 3F8D47AA294857D2004A6A2B /* NavigationToolbar.swift */; };
		3FB0FCA62941D2BF00B413C3 /* Colors.xcassets in Resources */ = {isa = PBXBuildFile; fileRef = 3FB0FCA42941D2B100B413C3 /* Colors.xcassets */; };
		3FB0FCA72941D2BF00B413C3 /* Images.xcassets in Resources */ = {isa = PBXBuildFile; fileRef = 3FB0FCA52941D2BE00B413C3 /* Images.xcassets */; };
		3FCDBF51295E04DF0037FCFB /* HomeView+ViewModel.swift in Sources */ = {isa = PBXBuildFile; fileRef = 3FCDBF50295E04DF0037FCFB /* HomeView+ViewModel.swift */; };
		3FE0A1D8295398C300124BCA /* FeedView.swift in Sources */ = {isa = PBXBuildFile; fileRef = 3FE0A1D7295398C300124BCA /* FeedView.swift */; };
		3FE0A1DA295398CC00124BCA /* DiscoverView.swift in Sources */ = {isa = PBXBuildFile; fileRef = 3FE0A1D9295398CC00124BCA /* DiscoverView.swift */; };
/* End PBXBuildFile section */

/* Begin PBXFileReference section */
		3F046DC8293AF04F0081BDC5 /* FiskerNavigationPOC.app */ = {isa = PBXFileReference; explicitFileType = wrapper.application; includeInIndex = 0; path = FiskerNavigationPOC.app; sourceTree = BUILT_PRODUCTS_DIR; };
		3F046DCB293AF04F0081BDC5 /* FiskerNavigationPOCApp.swift */ = {isa = PBXFileReference; lastKnownFileType = sourcecode.swift; path = FiskerNavigationPOCApp.swift; sourceTree = "<group>"; };
		3F046DCD293AF04F0081BDC5 /* HomeView.swift */ = {isa = PBXFileReference; lastKnownFileType = sourcecode.swift; path = HomeView.swift; sourceTree = "<group>"; };
		3F046DCF293AF0500081BDC5 /* Assets.xcassets */ = {isa = PBXFileReference; lastKnownFileType = folder.assetcatalog; path = Assets.xcassets; sourceTree = "<group>"; };
		3F046DD2293AF0500081BDC5 /* Preview Assets.xcassets */ = {isa = PBXFileReference; lastKnownFileType = folder.assetcatalog; path = "Preview Assets.xcassets"; sourceTree = "<group>"; };
		3F046DDB293B085C0081BDC5 /* ConnectedCarView.swift */ = {isa = PBXFileReference; lastKnownFileType = sourcecode.swift; path = ConnectedCarView.swift; sourceTree = "<group>"; };
		3F046DDD293B08990081BDC5 /* MenuView.swift */ = {isa = PBXFileReference; lastKnownFileType = sourcecode.swift; path = MenuView.swift; sourceTree = "<group>"; };
		3F08DA6429496B440035043B /* MenuContentView.swift */ = {isa = PBXFileReference; lastKnownFileType = sourcecode.swift; path = MenuContentView.swift; sourceTree = "<group>"; };
		3F08DA67294A3B010035043B /* MyFisker.swift */ = {isa = PBXFileReference; lastKnownFileType = sourcecode.swift; path = MyFisker.swift; sourceTree = "<group>"; };
		3F08DA69294A3C720035043B /* AccountView.swift */ = {isa = PBXFileReference; lastKnownFileType = sourcecode.swift; path = AccountView.swift; sourceTree = "<group>"; };
		3F8D47A6294845C3004A6A2B /* CarDetailsView.swift */ = {isa = PBXFileReference; lastKnownFileType = sourcecode.swift; path = CarDetailsView.swift; sourceTree = "<group>"; };
		3F8D47A9294857D2004A6A2B /* NavigationModifier.swift */ = {isa = PBXFileReference; fileEncoding = 4; lastKnownFileType = sourcecode.swift; path = NavigationModifier.swift; sourceTree = "<group>"; };
		3F8D47AA294857D2004A6A2B /* NavigationToolbar.swift */ = {isa = PBXFileReference; fileEncoding = 4; lastKnownFileType = sourcecode.swift; path = NavigationToolbar.swift; sourceTree = "<group>"; };
		3FB0FCA42941D2B100B413C3 /* Colors.xcassets */ = {isa = PBXFileReference; lastKnownFileType = folder.assetcatalog; path = Colors.xcassets; sourceTree = "<group>"; };
		3FB0FCA52941D2BE00B413C3 /* Images.xcassets */ = {isa = PBXFileReference; lastKnownFileType = folder.assetcatalog; path = Images.xcassets; sourceTree = "<group>"; };
		3FCDBF50295E04DF0037FCFB /* HomeView+ViewModel.swift */ = {isa = PBXFileReference; lastKnownFileType = sourcecode.swift; path = "HomeView+ViewModel.swift"; sourceTree = "<group>"; };
		3FE0A1D7295398C300124BCA /* FeedView.swift */ = {isa = PBXFileReference; lastKnownFileType = sourcecode.swift; path = FeedView.swift; sourceTree = "<group>"; };
		3FE0A1D9295398CC00124BCA /* DiscoverView.swift */ = {isa = PBXFileReference; lastKnownFileType = sourcecode.swift; path = DiscoverView.swift; sourceTree = "<group>"; };
/* End PBXFileReference section */

/* Begin PBXFrameworksBuildPhase section */
		3F046DC5293AF04F0081BDC5 /* Frameworks */ = {
			isa = PBXFrameworksBuildPhase;
			buildActionMask = 2147483647;
			files = (
			);
			runOnlyForDeploymentPostprocessing = 0;
		};
/* End PBXFrameworksBuildPhase section */

/* Begin PBXGroup section */
		3F046DBF293AF04F0081BDC5 = {
			isa = PBXGroup;
			children = (
				3F046DCA293AF04F0081BDC5 /* FiskerNavigationPOC */,
				3F046DC9293AF04F0081BDC5 /* Products */,
			);
			sourceTree = "<group>";
		};
		3F046DC9293AF04F0081BDC5 /* Products */ = {
			isa = PBXGroup;
			children = (
				3F046DC8293AF04F0081BDC5 /* FiskerNavigationPOC.app */,
			);
			name = Products;
			sourceTree = "<group>";
		};
		3F046DCA293AF04F0081BDC5 /* FiskerNavigationPOC */ = {
			isa = PBXGroup;
			children = (
				3F046DCB293AF04F0081BDC5 /* FiskerNavigationPOCApp.swift */,
				3F046DCD293AF04F0081BDC5 /* HomeView.swift */,
				3FE0A1D7295398C300124BCA /* FeedView.swift */,
				3FE0A1D9295398CC00124BCA /* DiscoverView.swift */,
				3FE0A1D52953987600124BCA /* Menu */,
				3FE0A1D42953983C00124BCA /* ConnectedCar */,
				3F08DA66294A3AEC0035043B /* MenuDestinations */,
				3F8D47A8294857D2004A6A2B /* Global */,
				3FB0FCA42941D2B100B413C3 /* Colors.xcassets */,
				3F046DCF293AF0500081BDC5 /* Assets.xcassets */,
				3FB0FCA52941D2BE00B413C3 /* Images.xcassets */,
				3F046DD1293AF0500081BDC5 /* Preview Content */,
				3FCDBF50295E04DF0037FCFB /* HomeView+ViewModel.swift */,
			);
			path = FiskerNavigationPOC;
			sourceTree = "<group>";
		};
		3F046DD1293AF0500081BDC5 /* Preview Content */ = {
			isa = PBXGroup;
			children = (
				3F046DD2293AF0500081BDC5 /* Preview Assets.xcassets */,
			);
			path = "Preview Content";
			sourceTree = "<group>";
		};
		3F08DA66294A3AEC0035043B /* MenuDestinations */ = {
			isa = PBXGroup;
			children = (
				3F08DA67294A3B010035043B /* MyFisker.swift */,
				3F08DA69294A3C720035043B /* AccountView.swift */,
			);
			path = MenuDestinations;
			sourceTree = "<group>";
		};
		3F8D47A8294857D2004A6A2B /* Global */ = {
			isa = PBXGroup;
			children = (
				3F8D47A9294857D2004A6A2B /* NavigationModifier.swift */,
				3F8D47AA294857D2004A6A2B /* NavigationToolbar.swift */,
			);
			path = Global;
			sourceTree = "<group>";
		};
		3FE0A1D42953983C00124BCA /* ConnectedCar */ = {
			isa = PBXGroup;
			children = (
				3F046DDB293B085C0081BDC5 /* ConnectedCarView.swift */,
				3F8D47A6294845C3004A6A2B /* CarDetailsView.swift */,
			);
			path = ConnectedCar;
			sourceTree = "<group>";
		};
		3FE0A1D52953987600124BCA /* Menu */ = {
			isa = PBXGroup;
			children = (
				3F046DDD293B08990081BDC5 /* MenuView.swift */,
				3F08DA6429496B440035043B /* MenuContentView.swift */,
			);
			path = Menu;
			sourceTree = "<group>";
		};
/* End PBXGroup section */

/* Begin PBXNativeTarget section */
		3F046DC7293AF04F0081BDC5 /* FiskerNavigationPOC */ = {
			isa = PBXNativeTarget;
			buildConfigurationList = 3F046DD6293AF0500081BDC5 /* Build configuration list for PBXNativeTarget "FiskerNavigationPOC" */;
			buildPhases = (
				3F046DC4293AF04F0081BDC5 /* Sources */,
				3F046DC5293AF04F0081BDC5 /* Frameworks */,
				3F046DC6293AF04F0081BDC5 /* Resources */,
			);
			buildRules = (
			);
			dependencies = (
			);
			name = FiskerNavigationPOC;
			productName = FiskerNavigationPOC;
			productReference = 3F046DC8293AF04F0081BDC5 /* FiskerNavigationPOC.app */;
			productType = "com.apple.product-type.application";
		};
/* End PBXNativeTarget section */

/* Begin PBXProject section */
		3F046DC0293AF04F0081BDC5 /* Project object */ = {
			isa = PBXProject;
			attributes = {
				BuildIndependentTargetsInParallel = 1;
				LastSwiftUpdateCheck = 1400;
				LastUpgradeCheck = 1400;
				TargetAttributes = {
					3F046DC7293AF04F0081BDC5 = {
						CreatedOnToolsVersion = 14.0;
					};
				};
			};
			buildConfigurationList = 3F046DC3293AF04F0081BDC5 /* Build configuration list for PBXProject "FiskerNavigationPOC" */;
			compatibilityVersion = "Xcode 14.0";
			developmentRegion = en;
			hasScannedForEncodings = 0;
			knownRegions = (
				en,
				Base,
			);
			mainGroup = 3F046DBF293AF04F0081BDC5;
			productRefGroup = 3F046DC9293AF04F0081BDC5 /* Products */;
			projectDirPath = "";
			projectRoot = "";
			targets = (
				3F046DC7293AF04F0081BDC5 /* FiskerNavigationPOC */,
			);
		};
/* End PBXProject section */

/* Begin PBXResourcesBuildPhase section */
		3F046DC6293AF04F0081BDC5 /* Resources */ = {
			isa = PBXResourcesBuildPhase;
			buildActionMask = 2147483647;
			files = (
				3FB0FCA62941D2BF00B413C3 /* Colors.xcassets in Resources */,
				3FB0FCA72941D2BF00B413C3 /* Images.xcassets in Resources */,
				3F046DD3293AF0500081BDC5 /* Preview Assets.xcassets in Resources */,
				3F046DD0293AF0500081BDC5 /* Assets.xcassets in Resources */,
			);
			runOnlyForDeploymentPostprocessing = 0;
		};
/* End PBXResourcesBuildPhase section */

/* Begin PBXSourcesBuildPhase section */
		3F046DC4293AF04F0081BDC5 /* Sources */ = {
			isa = PBXSourcesBuildPhase;
			buildActionMask = 2147483647;
			files = (
				3F08DA6A294A3C720035043B /* AccountView.swift in Sources */,
				3F046DDE293B08990081BDC5 /* MenuView.swift in Sources */,
				3F8D47AB294857D2004A6A2B /* NavigationModifier.swift in Sources */,
				3FCDBF51295E04DF0037FCFB /* HomeView+ViewModel.swift in Sources */,
				3F08DA6529496B440035043B /* MenuContentView.swift in Sources */,
				3F046DDC293B085C0081BDC5 /* ConnectedCarView.swift in Sources */,
				3F046DCE293AF04F0081BDC5 /* HomeView.swift in Sources */,
				3FE0A1D8295398C300124BCA /* FeedView.swift in Sources */,
				3F8D47AC294857D2004A6A2B /* NavigationToolbar.swift in Sources */,
				3F8D47A7294845C3004A6A2B /* CarDetailsView.swift in Sources */,
				3F046DCC293AF04F0081BDC5 /* FiskerNavigationPOCApp.swift in Sources */,
				3F08DA68294A3B010035043B /* MyFisker.swift in Sources */,
				3FE0A1DA295398CC00124BCA /* DiscoverView.swift in Sources */,
			);
			runOnlyForDeploymentPostprocessing = 0;
		};
/* End PBXSourcesBuildPhase section */

/* Begin XCBuildConfiguration section */
		3F046DD4293AF0500081BDC5 /* Debug */ = {
			isa = XCBuildConfiguration;
			buildSettings = {
				ALWAYS_SEARCH_USER_PATHS = NO;
				CLANG_ANALYZER_NONNULL = YES;
				CLANG_ANALYZER_NUMBER_OBJECT_CONVERSION = YES_AGGRESSIVE;
				CLANG_CXX_LANGUAGE_STANDARD = "gnu++20";
				CLANG_ENABLE_MODULES = YES;
				CLANG_ENABLE_OBJC_ARC = YES;
				CLANG_ENABLE_OBJC_WEAK = YES;
				CLANG_WARN_BLOCK_CAPTURE_AUTORELEASING = YES;
				CLANG_WARN_BOOL_CONVERSION = YES;
				CLANG_WARN_COMMA = YES;
				CLANG_WARN_CONSTANT_CONVERSION = YES;
				CLANG_WARN_DEPRECATED_OBJC_IMPLEMENTATIONS = YES;
				CLANG_WARN_DIRECT_OBJC_ISA_USAGE = YES_ERROR;
				CLANG_WARN_DOCUMENTATION_COMMENTS = YES;
				CLANG_WARN_EMPTY_BODY = YES;
				CLANG_WARN_ENUM_CONVERSION = YES;
				CLANG_WARN_INFINITE_RECURSION = YES;
				CLANG_WARN_INT_CONVERSION = YES;
				CLANG_WARN_NON_LITERAL_NULL_CONVERSION = YES;
				CLANG_WARN_OBJC_IMPLICIT_RETAIN_SELF = YES;
				CLANG_WARN_OBJC_LITERAL_CONVERSION = YES;
				CLANG_WARN_OBJC_ROOT_CLASS = YES_ERROR;
				CLANG_WARN_QUOTED_INCLUDE_IN_FRAMEWORK_HEADER = YES;
				CLANG_WARN_RANGE_LOOP_ANALYSIS = YES;
				CLANG_WARN_STRICT_PROTOTYPES = YES;
				CLANG_WARN_SUSPICIOUS_MOVE = YES;
				CLANG_WARN_UNGUARDED_AVAILABILITY = YES_AGGRESSIVE;
				CLANG_WARN_UNREACHABLE_CODE = YES;
				CLANG_WARN__DUPLICATE_METHOD_MATCH = YES;
				COPY_PHASE_STRIP = NO;
				DEBUG_INFORMATION_FORMAT = dwarf;
				ENABLE_STRICT_OBJC_MSGSEND = YES;
				ENABLE_TESTABILITY = YES;
				GCC_C_LANGUAGE_STANDARD = gnu11;
				GCC_DYNAMIC_NO_PIC = NO;
				GCC_NO_COMMON_BLOCKS = YES;
				GCC_OPTIMIZATION_LEVEL = 0;
				GCC_PREPROCESSOR_DEFINITIONS = (
					"DEBUG=1",
					"$(inherited)",
				);
				GCC_WARN_64_TO_32_BIT_CONVERSION = YES;
				GCC_WARN_ABOUT_RETURN_TYPE = YES_ERROR;
				GCC_WARN_UNDECLARED_SELECTOR = YES;
				GCC_WARN_UNINITIALIZED_AUTOS = YES_AGGRESSIVE;
				GCC_WARN_UNUSED_FUNCTION = YES;
				GCC_WARN_UNUSED_VARIABLE = YES;
				IPHONEOS_DEPLOYMENT_TARGET = 14.0;
				MTL_ENABLE_DEBUG_INFO = INCLUDE_SOURCE;
				MTL_FAST_MATH = YES;
				ONLY_ACTIVE_ARCH = YES;
				SDKROOT = iphoneos;
				SWIFT_ACTIVE_COMPILATION_CONDITIONS = DEBUG;
				SWIFT_OPTIMIZATION_LEVEL = "-Onone";
			};
			name = Debug;
		};
		3F046DD5293AF0500081BDC5 /* Release */ = {
			isa = XCBuildConfiguration;
			buildSettings = {
				ALWAYS_SEARCH_USER_PATHS = NO;
				CLANG_ANALYZER_NONNULL = YES;
				CLANG_ANALYZER_NUMBER_OBJECT_CONVERSION = YES_AGGRESSIVE;
				CLANG_CXX_LANGUAGE_STANDARD = "gnu++20";
				CLANG_ENABLE_MODULES = YES;
				CLANG_ENABLE_OBJC_ARC = YES;
				CLANG_ENABLE_OBJC_WEAK = YES;
				CLANG_WARN_BLOCK_CAPTURE_AUTORELEASING = YES;
				CLANG_WARN_BOOL_CONVERSION = YES;
				CLANG_WARN_COMMA = YES;
				CLANG_WARN_CONSTANT_CONVERSION = YES;
				CLANG_WARN_DEPRECATED_OBJC_IMPLEMENTATIONS = YES;
				CLANG_WARN_DIRECT_OBJC_ISA_USAGE = YES_ERROR;
				CLANG_WARN_DOCUMENTATION_COMMENTS = YES;
				CLANG_WARN_EMPTY_BODY = YES;
				CLANG_WARN_ENUM_CONVERSION = YES;
				CLANG_WARN_INFINITE_RECURSION = YES;
				CLANG_WARN_INT_CONVERSION = YES;
				CLANG_WARN_NON_LITERAL_NULL_CONVERSION = YES;
				CLANG_WARN_OBJC_IMPLICIT_RETAIN_SELF = YES;
				CLANG_WARN_OBJC_LITERAL_CONVERSION = YES;
				CLANG_WARN_OBJC_ROOT_CLASS = YES_ERROR;
				CLANG_WARN_QUOTED_INCLUDE_IN_FRAMEWORK_HEADER = YES;
				CLANG_WARN_RANGE_LOOP_ANALYSIS = YES;
				CLANG_WARN_STRICT_PROTOTYPES = YES;
				CLANG_WARN_SUSPICIOUS_MOVE = YES;
				CLANG_WARN_UNGUARDED_AVAILABILITY = YES_AGGRESSIVE;
				CLANG_WARN_UNREACHABLE_CODE = YES;
				CLANG_WARN__DUPLICATE_METHOD_MATCH = YES;
				COPY_PHASE_STRIP = NO;
				DEBUG_INFORMATION_FORMAT = "dwarf-with-dsym";
				ENABLE_NS_ASSERTIONS = NO;
				ENABLE_STRICT_OBJC_MSGSEND = YES;
				GCC_C_LANGUAGE_STANDARD = gnu11;
				GCC_NO_COMMON_BLOCKS = YES;
				GCC_WARN_64_TO_32_BIT_CONVERSION = YES;
				GCC_WARN_ABOUT_RETURN_TYPE = YES_ERROR;
				GCC_WARN_UNDECLARED_SELECTOR = YES;
				GCC_WARN_UNINITIALIZED_AUTOS = YES_AGGRESSIVE;
				GCC_WARN_UNUSED_FUNCTION = YES;
				GCC_WARN_UNUSED_VARIABLE = YES;
				IPHONEOS_DEPLOYMENT_TARGET = 14.0;
				MTL_ENABLE_DEBUG_INFO = NO;
				MTL_FAST_MATH = YES;
				SDKROOT = iphoneos;
				SWIFT_COMPILATION_MODE = wholemodule;
				SWIFT_OPTIMIZATION_LEVEL = "-O";
				VALIDATE_PRODUCT = YES;
			};
			name = Release;
		};
		3F046DD7293AF0500081BDC5 /* Debug */ = {
			isa = XCBuildConfiguration;
			buildSettings = {
				ASSETCATALOG_COMPILER_APPICON_NAME = AppIcon;
				ASSETCATALOG_COMPILER_GLOBAL_ACCENT_COLOR_NAME = AccentColor;
				CODE_SIGN_STYLE = Automatic;
				CURRENT_PROJECT_VERSION = 1;
				DEVELOPMENT_ASSET_PATHS = "\"FiskerNavigationPOC/Preview Content\"";
				DEVELOPMENT_TEAM = 832592625M;
				ENABLE_PREVIEWS = YES;
				GENERATE_INFOPLIST_FILE = YES;
				INFOPLIST_KEY_UIApplicationSceneManifest_Generation = YES;
				INFOPLIST_KEY_UIApplicationSupportsIndirectInputEvents = YES;
				INFOPLIST_KEY_UILaunchScreen_Generation = YES;
				INFOPLIST_KEY_UISupportedInterfaceOrientations_iPad = "UIInterfaceOrientationPortrait UIInterfaceOrientationPortraitUpsideDown UIInterfaceOrientationLandscapeLeft UIInterfaceOrientationLandscapeRight";
				INFOPLIST_KEY_UISupportedInterfaceOrientations_iPhone = "UIInterfaceOrientationPortrait UIInterfaceOrientationLandscapeLeft UIInterfaceOrientationLandscapeRight";
				LD_RUNPATH_SEARCH_PATHS = (
					"$(inherited)",
					"@executable_path/Frameworks",
				);
				MARKETING_VERSION = 1.0;
				PRODUCT_BUNDLE_IDENTIFIER = com.fisker.FiskerNavigationPOC;
				PRODUCT_NAME = "$(TARGET_NAME)";
				SWIFT_EMIT_LOC_STRINGS = YES;
				SWIFT_VERSION = 5.0;
				TARGETED_DEVICE_FAMILY = "1,2";
			};
			name = Debug;
		};
		3F046DD8293AF0500081BDC5 /* Release */ = {
			isa = XCBuildConfiguration;
			buildSettings = {
				ASSETCATALOG_COMPILER_APPICON_NAME = AppIcon;
				ASSETCATALOG_COMPILER_GLOBAL_ACCENT_COLOR_NAME = AccentColor;
				CODE_SIGN_STYLE = Automatic;
				CURRENT_PROJECT_VERSION = 1;
				DEVELOPMENT_ASSET_PATHS = "\"FiskerNavigationPOC/Preview Content\"";
				DEVELOPMENT_TEAM = 832592625M;
				ENABLE_PREVIEWS = YES;
				GENERATE_INFOPLIST_FILE = YES;
				INFOPLIST_KEY_UIApplicationSceneManifest_Generation = YES;
				INFOPLIST_KEY_UIApplicationSupportsIndirectInputEvents = YES;
				INFOPLIST_KEY_UILaunchScreen_Generation = YES;
				INFOPLIST_KEY_UISupportedInterfaceOrientations_iPad = "UIInterfaceOrientationPortrait UIInterfaceOrientationPortraitUpsideDown UIInterfaceOrientationLandscapeLeft UIInterfaceOrientationLandscapeRight";
				INFOPLIST_KEY_UISupportedInterfaceOrientations_iPhone = "UIInterfaceOrientationPortrait UIInterfaceOrientationLandscapeLeft UIInterfaceOrientationLandscapeRight";
				LD_RUNPATH_SEARCH_PATHS = (
					"$(inherited)",
					"@executable_path/Frameworks",
				);
				MARKETING_VERSION = 1.0;
				PRODUCT_BUNDLE_IDENTIFIER = com.fisker.FiskerNavigationPOC;
				PRODUCT_NAME = "$(TARGET_NAME)";
				SWIFT_EMIT_LOC_STRINGS = YES;
				SWIFT_VERSION = 5.0;
				TARGETED_DEVICE_FAMILY = "1,2";
			};
			name = Release;
		};
/* End XCBuildConfiguration section */

/* Begin XCConfigurationList section */
		3F046DC3293AF04F0081BDC5 /* Build configuration list for PBXProject "FiskerNavigationPOC" */ = {
			isa = XCConfigurationList;
			buildConfigurations = (
				3F046DD4293AF0500081BDC5 /* Debug */,
				3F046DD5293AF0500081BDC5 /* Release */,
			);
			defaultConfigurationIsVisible = 0;
			defaultConfigurationName = Release;
		};
		3F046DD6293AF0500081BDC5 /* Build configuration list for PBXNativeTarget "FiskerNavigationPOC" */ = {
			isa = XCConfigurationList;
			buildConfigurations = (
				3F046DD7293AF0500081BDC5 /* Debug */,
				3F046DD8293AF0500081BDC5 /* Release */,
			);
			defaultConfigurationIsVisible = 0;
			defaultConfigurationName = Release;
		};
/* End XCConfigurationList section */
	};
	rootObject = 3F046DC0293AF04F0081BDC5 /* Project object */;
}
